
Microsoft Visual Studio Solution File, Format Version 12.00
# Visual Studio Version 17
VisualStudioVersion = 17.4.33122.133
MinimumVisualStudioVersion = 10.0.40219.1
Project("{9A19103F-16F7-4668-BE54-9A1E7A4F7556}") = "MGroup.Constitutive.Structural", "Constitutive-develop\src\MGroup.Constitutive.Structural\MGroup.Constitutive.Structural.csproj", "{7AF2C4F4-BC48-4029-BF13-F7E507DC59E4}"
EndProject
Project("{9A19103F-16F7-4668-BE54-9A1E7A4F7556}") = "MGroup.Constitutive.PorousMedia", "Constitutive-develop\src\MGroup.Constitutive.PorousMedia\MGroup.Constitutive.PorousMedia.csproj", "{B5F3D147-B3A0-46FE-B5E7-07736F6AFA1D}"
EndProject
Project("{9A19103F-16F7-4668-BE54-9A1E7A4F7556}") = "MGroup.Constitutive.Thermal", "Constitutive-develop\src\MGroup.Constitutive.Thermal\MGroup.Constitutive.Thermal.csproj", "{CA54C482-B693-429C-B651-F691A0F62CEB}"
EndProject
Project("{9A19103F-16F7-4668-BE54-9A1E7A4F7556}") = "MGroup.Constitutive.ConvectionDiffusion", "Constitutive-develop\src\MGroup.Constitutive.ConvectionDiffusion\MGroup.Constitutive.ConvectionDiffusion.csproj", "{183A77BA-1BC1-4007-95B4-ABE17C96684E}"
EndProject
Project("{9A19103F-16F7-4668-BE54-9A1E7A4F7556}") = "MGroup.FEM", "FEM-develop\src\MGroup.FEM\MGroup.FEM.csproj", "{8B077BF1-D9C1-42D4-ACBD-11D11C08782D}"
EndProject
Project("{9A19103F-16F7-4668-BE54-9A1E7A4F7556}") = "MGroup.FEM.ConvectionDiffusion", "FEM-develop\src\MGroup.FEM.ConvectionDiffusion\MGroup.FEM.ConvectionDiffusion.csproj", "{AEB44909-2C69-499D-9EC9-E4596D55618F}"
EndProject
Project("{9A19103F-16F7-4668-BE54-9A1E7A4F7556}") = "MGroup.FEM.PorousMedia", "FEM-develop\src\MGroup.FEM.PorousMedia\MGroup.FEM.PorousMedia.csproj", "{01FC878B-CCC5-463E-8CD2-A8DD7FAE4A86}"
EndProject
Project("{9A19103F-16F7-4668-BE54-9A1E7A4F7556}") = "MGroup.FEM.Structural", "FEM-develop\src\MGroup.FEM.Structural\MGroup.FEM.Structural.csproj", "{FAA54E3A-DA98-48AE-B2C2-02793E7325F1}"
EndProject
Project("{9A19103F-16F7-4668-BE54-9A1E7A4F7556}") = "MGroup.FEM.Thermal", "FEM-develop\src\MGroup.FEM.Thermal\MGroup.FEM.Thermal.csproj", "{57A1F7B7-9DF8-4ED1-8712-4367B5C526D1}"
EndProject
Project("{9A19103F-16F7-4668-BE54-9A1E7A4F7556}") = "MGroup.LinearAlgebra", "LinearAlgebra-develop\src\MGroup.LinearAlgebra\MGroup.LinearAlgebra.csproj", "{A71C536D-C214-46D6-8D8F-9778B9FA0DD5}"
EndProject
Project("{9A19103F-16F7-4668-BE54-9A1E7A4F7556}") = "MGroup.LinearAlgebra.Distributed", "LinearAlgebra-develop\src\MGroup.LinearAlgebra.Distributed\MGroup.LinearAlgebra.Distributed.csproj", "{F870A387-6F73-49AE-BEB9-32520B92AC71}"
EndProject
Project("{9A19103F-16F7-4668-BE54-9A1E7A4F7556}") = "MGroup.MSolve.Core", "MSolve.Core-develop\src\MGroup.MSolve.Core.csproj", "{A7FB71E5-FE5B-47A5-BD1E-97FF24C6D079}"
EndProject
Project("{9A19103F-16F7-4668-BE54-9A1E7A4F7556}") = "MGroup.NumericalAnalyzers", "NumericalAnalyzers-develop\src\MGroup.NumericalAnalyzers\MGroup.NumericalAnalyzers.csproj", "{C1943E98-9523-4077-9519-B507152B6CEE}"
EndProject
Project("{9A19103F-16F7-4668-BE54-9A1E7A4F7556}") = "MGroup.NumericalAnalyzers.Discretization", "NumericalAnalyzers-develop\src\MGroup.NumericalAnalyzers.Discretization\MGroup.NumericalAnalyzers.Discretization.csproj", "{2AF660F7-CCE8-4C1A-894D-18D8FFB4E33C}"
EndProject
Project("{9A19103F-16F7-4668-BE54-9A1E7A4F7556}") = "MGroup.Solvers", "Solvers-develop\src\MGroup.Solvers\MGroup.Solvers.csproj", "{7461AEB4-9824-4B78-8FF1-0196A846C3EB}"
EndProject
Project("{9A19103F-16F7-4668-BE54-9A1E7A4F7556}") = "MGroup.Environments", "Environments-develop\src\MGroup.Environments\MGroup.Environments.csproj", "{0396234B-BE97-4FEA-B90E-B8E2C40952E9}"
EndProject
Project("{9A19103F-16F7-4668-BE54-9A1E7A4F7556}") = "MGroup.Multiscale", "MSolve.Multiscale-db7e753dddf0d64d94d8490ba4cf837fb46c109e\src\MGroup.Multiscale\MGroup.Multiscale.csproj", "{C5A86808-D520-4AE8-BBBC-CC7589CDE25C}"
EndProject
Project("{9A19103F-16F7-4668-BE54-9A1E7A4F7556}") = "MGroup.Multiscale.Tests", "MSolve.Multiscale-db7e753dddf0d64d94d8490ba4cf837fb46c109e\tests\MGroup.Multiscale.Tests\MGroup.Multiscale.Tests.csproj", "{8C5D604A-C0BD-460B-B0BA-D3E66DC88563}"
EndProject
Project("{9A19103F-16F7-4668-BE54-9A1E7A4F7556}") = "MGroup.MachineLearning", "MachineLearning\src\MGroup.MachineLearning\MGroup.MachineLearning.csproj", "{D6EAE0A1-FF03-4A1F-A18D-D109E4B6AA65}"
EndProject
Project("{9A19103F-16F7-4668-BE54-9A1E7A4F7556}") = "MGroup.MachineLearning.TensorFlow", "MachineLearning\src\MGroup.MachineLearning.TensorFlow\MGroup.MachineLearning.TensorFlow.csproj", "{3B40F383-F34C-4982-9B58-01AD21EFD841}"
EndProject
Project("{9A19103F-16F7-4668-BE54-9A1E7A4F7556}") = "MGroup.Constitutive.Structural.MachineLearning", "MachineLearning\src\MGroup.Constitutive.Structural.MachineLearning\MGroup.Constitutive.Structural.MachineLearning.csproj", "{CA12FEE3-3CD2-4294-AD54-D4AC99E8B8A1}"
	ProjectSection(ProjectDependencies) = postProject
		{C5A86808-D520-4AE8-BBBC-CC7589CDE25C} = {C5A86808-D520-4AE8-BBBC-CC7589CDE25C}
	EndProjectSection
EndProject
Project("{9A19103F-16F7-4668-BE54-9A1E7A4F7556}") = "MGroup.MachineLearning.Tests", "MachineLearning\tests\MGroup.MachineLearning.Tests\MGroup.MachineLearning.Tests.csproj", "{62D0E906-ECD5-4F0E-8A28-1762F5AC41A2}"
EndProject
Project("{9A19103F-16F7-4668-BE54-9A1E7A4F7556}") = "MGroup.Constitutive.Structural.MachineLearning.Tests", "MachineLearning\tests\MGroup.Constitutive.Structural.MachineLearning.Tests\MGroup.Constitutive.Structural.MachineLearning.Tests.csproj", "{ED92518C-3333-4FD6-B07B-59DB5EC11C1C}"
EndProject
Project("{9A19103F-16F7-4668-BE54-9A1E7A4F7556}") = "MGroup.FEM.Structural.Tests", "MSolve.Tests-master\tests\MGroup.FEM.Structural.Tests\MGroup.FEM.Structural.Tests.csproj", "{38DFE235-FCE5-4427-95D4-4FBB5C6203B3}"
EndProject
Project("{9A19103F-16F7-4668-BE54-9A1E7A4F7556}") = "MGroup.LinearAlgebra.Tests", "LinearAlgebra-develop\tests\MGroup.LinearAlgebra.Tests\MGroup.LinearAlgebra.Tests.csproj", "{B15DB7B6-413A-401B-95B0-431F86ADCF4B}"
EndProject
Project("{9A19103F-16F7-4668-BE54-9A1E7A4F7556}") = "MGroup.Stochastic", "MSolve.Stochastic\src\MGroup.Stochastic\MGroup.Stochastic.csproj", "{1B325459-71B5-47BD-A5F1-10D78E42D3D7}"
EndProject
Project("{9A19103F-16F7-4668-BE54-9A1E7A4F7556}") = "MGroup.Stochastic.Structural", "MSolve.Stochastic\src\MGroup.Stochastic.Structural\MGroup.Stochastic.Structural.csproj", "{59EDA1D0-AA4A-4AF0-9D95-546B8C87FCDC}"
EndProject
Project("{9A19103F-16F7-4668-BE54-9A1E7A4F7556}") = "MGroup.Stochastic.Tests", "MSolve.Stochastic\tests\MGroup.Stochastic.Tests\MGroup.Stochastic.Tests.csproj", "{57AD8F16-304A-485D-9EE2-2265C8B9A7F3}"
EndProject
Project("{9A19103F-16F7-4668-BE54-9A1E7A4F7556}") = "Tensorflow.Benchmark", "TensorFlowNet.Benchmarks\Tensorflow.Benchmark.csproj", "{ADFDE018-9985-4FD4-B665-98A891AAEEC8}"
EndProject
Project("{9A19103F-16F7-4668-BE54-9A1E7A4F7556}") = "Tensorflow.Console", "TensorFlowNET.Console\Tensorflow.Console.csproj", "{2B106184-75F5-49FD-8115-5D4819E90657}"
EndProject
Project("{9A19103F-16F7-4668-BE54-9A1E7A4F7556}") = "Tensorflow.Binding", "TensorFlowNET.Core\Tensorflow.Binding.csproj", "{6103F073-CFCA-4E04-AC13-AC35B5026449}"
EndProject
Project("{9A19103F-16F7-4668-BE54-9A1E7A4F7556}") = "Tensorflow.Keras", "TensorFlowNET.Keras\Tensorflow.Keras.csproj", "{BE8A0AD5-89EE-4873-B60E-EF6BE7F7ED79}"
EndProject
Project("{9A19103F-16F7-4668-BE54-9A1E7A4F7556}") = "Tensorflow.Recommenders", "TensorFlowNET.Recommenders\Tensorflow.Recommenders.csproj", "{01373722-B81D-45C9-9A13-755B2CE2A845}"
EndProject
Project("{9A19103F-16F7-4668-BE54-9A1E7A4F7556}") = "Tensorflow.Text", "TensorFlowNET.Text\Tensorflow.Text.csproj", "{DA59B425-2BE9-4B86-926C-555F43F7ECE6}"
EndProject
Global
	GlobalSection(SolutionConfigurationPlatforms) = preSolution
		Debug|Any CPU = Debug|Any CPU
		Debug|x64 = Debug|x64
		GPU|Any CPU = GPU|Any CPU
		GPU|x64 = GPU|x64
		Release|Any CPU = Release|Any CPU
		Release|x64 = Release|x64
	EndGlobalSection
	GlobalSection(ProjectConfigurationPlatforms) = postSolution
		{7AF2C4F4-BC48-4029-BF13-F7E507DC59E4}.Debug|Any CPU.ActiveCfg = Debug|Any CPU
		{7AF2C4F4-BC48-4029-BF13-F7E507DC59E4}.Debug|Any CPU.Build.0 = Debug|Any CPU
		{7AF2C4F4-BC48-4029-BF13-F7E507DC59E4}.Debug|x64.ActiveCfg = Debug|Any CPU
		{7AF2C4F4-BC48-4029-BF13-F7E507DC59E4}.Debug|x64.Build.0 = Debug|Any CPU
		{7AF2C4F4-BC48-4029-BF13-F7E507DC59E4}.GPU|Any CPU.ActiveCfg = Release|Any CPU
		{7AF2C4F4-BC48-4029-BF13-F7E507DC59E4}.GPU|Any CPU.Build.0 = Release|Any CPU
		{7AF2C4F4-BC48-4029-BF13-F7E507DC59E4}.GPU|x64.ActiveCfg = Release|Any CPU
		{7AF2C4F4-BC48-4029-BF13-F7E507DC59E4}.GPU|x64.Build.0 = Release|Any CPU
		{7AF2C4F4-BC48-4029-BF13-F7E507DC59E4}.Release|Any CPU.ActiveCfg = Release|Any CPU
		{7AF2C4F4-BC48-4029-BF13-F7E507DC59E4}.Release|Any CPU.Build.0 = Release|Any CPU
		{7AF2C4F4-BC48-4029-BF13-F7E507DC59E4}.Release|x64.ActiveCfg = Release|Any CPU
		{7AF2C4F4-BC48-4029-BF13-F7E507DC59E4}.Release|x64.Build.0 = Release|Any CPU
		{B5F3D147-B3A0-46FE-B5E7-07736F6AFA1D}.Debug|Any CPU.ActiveCfg = Debug|Any CPU
		{B5F3D147-B3A0-46FE-B5E7-07736F6AFA1D}.Debug|Any CPU.Build.0 = Debug|Any CPU
		{B5F3D147-B3A0-46FE-B5E7-07736F6AFA1D}.Debug|x64.ActiveCfg = Debug|Any CPU
		{B5F3D147-B3A0-46FE-B5E7-07736F6AFA1D}.Debug|x64.Build.0 = Debug|Any CPU
		{B5F3D147-B3A0-46FE-B5E7-07736F6AFA1D}.GPU|Any CPU.ActiveCfg = Release|Any CPU
		{B5F3D147-B3A0-46FE-B5E7-07736F6AFA1D}.GPU|Any CPU.Build.0 = Release|Any CPU
		{B5F3D147-B3A0-46FE-B5E7-07736F6AFA1D}.GPU|x64.ActiveCfg = Release|Any CPU
		{B5F3D147-B3A0-46FE-B5E7-07736F6AFA1D}.GPU|x64.Build.0 = Release|Any CPU
		{B5F3D147-B3A0-46FE-B5E7-07736F6AFA1D}.Release|Any CPU.ActiveCfg = Release|Any CPU
		{B5F3D147-B3A0-46FE-B5E7-07736F6AFA1D}.Release|Any CPU.Build.0 = Release|Any CPU
		{B5F3D147-B3A0-46FE-B5E7-07736F6AFA1D}.Release|x64.ActiveCfg = Release|Any CPU
		{B5F3D147-B3A0-46FE-B5E7-07736F6AFA1D}.Release|x64.Build.0 = Release|Any CPU
		{CA54C482-B693-429C-B651-F691A0F62CEB}.Debug|Any CPU.ActiveCfg = Debug|Any CPU
		{CA54C482-B693-429C-B651-F691A0F62CEB}.Debug|Any CPU.Build.0 = Debug|Any CPU
		{CA54C482-B693-429C-B651-F691A0F62CEB}.Debug|x64.ActiveCfg = Debug|Any CPU
		{CA54C482-B693-429C-B651-F691A0F62CEB}.Debug|x64.Build.0 = Debug|Any CPU
		{CA54C482-B693-429C-B651-F691A0F62CEB}.GPU|Any CPU.ActiveCfg = Release|Any CPU
		{CA54C482-B693-429C-B651-F691A0F62CEB}.GPU|Any CPU.Build.0 = Release|Any CPU
		{CA54C482-B693-429C-B651-F691A0F62CEB}.GPU|x64.ActiveCfg = Release|Any CPU
		{CA54C482-B693-429C-B651-F691A0F62CEB}.GPU|x64.Build.0 = Release|Any CPU
		{CA54C482-B693-429C-B651-F691A0F62CEB}.Release|Any CPU.ActiveCfg = Release|Any CPU
		{CA54C482-B693-429C-B651-F691A0F62CEB}.Release|Any CPU.Build.0 = Release|Any CPU
		{CA54C482-B693-429C-B651-F691A0F62CEB}.Release|x64.ActiveCfg = Release|Any CPU
		{CA54C482-B693-429C-B651-F691A0F62CEB}.Release|x64.Build.0 = Release|Any CPU
		{183A77BA-1BC1-4007-95B4-ABE17C96684E}.Debug|Any CPU.ActiveCfg = Debug|Any CPU
		{183A77BA-1BC1-4007-95B4-ABE17C96684E}.Debug|Any CPU.Build.0 = Debug|Any CPU
		{183A77BA-1BC1-4007-95B4-ABE17C96684E}.Debug|x64.ActiveCfg = Debug|Any CPU
		{183A77BA-1BC1-4007-95B4-ABE17C96684E}.Debug|x64.Build.0 = Debug|Any CPU
		{183A77BA-1BC1-4007-95B4-ABE17C96684E}.GPU|Any CPU.ActiveCfg = Release|Any CPU
		{183A77BA-1BC1-4007-95B4-ABE17C96684E}.GPU|Any CPU.Build.0 = Release|Any CPU
		{183A77BA-1BC1-4007-95B4-ABE17C96684E}.GPU|x64.ActiveCfg = Release|Any CPU
		{183A77BA-1BC1-4007-95B4-ABE17C96684E}.GPU|x64.Build.0 = Release|Any CPU
		{183A77BA-1BC1-4007-95B4-ABE17C96684E}.Release|Any CPU.ActiveCfg = Release|Any CPU
		{183A77BA-1BC1-4007-95B4-ABE17C96684E}.Release|Any CPU.Build.0 = Release|Any CPU
		{183A77BA-1BC1-4007-95B4-ABE17C96684E}.Release|x64.ActiveCfg = Release|Any CPU
		{183A77BA-1BC1-4007-95B4-ABE17C96684E}.Release|x64.Build.0 = Release|Any CPU
		{8B077BF1-D9C1-42D4-ACBD-11D11C08782D}.Debug|Any CPU.ActiveCfg = Debug|Any CPU
		{8B077BF1-D9C1-42D4-ACBD-11D11C08782D}.Debug|Any CPU.Build.0 = Debug|Any CPU
		{8B077BF1-D9C1-42D4-ACBD-11D11C08782D}.Debug|x64.ActiveCfg = Debug|Any CPU
		{8B077BF1-D9C1-42D4-ACBD-11D11C08782D}.Debug|x64.Build.0 = Debug|Any CPU
		{8B077BF1-D9C1-42D4-ACBD-11D11C08782D}.GPU|Any CPU.ActiveCfg = Release|Any CPU
		{8B077BF1-D9C1-42D4-ACBD-11D11C08782D}.GPU|Any CPU.Build.0 = Release|Any CPU
		{8B077BF1-D9C1-42D4-ACBD-11D11C08782D}.GPU|x64.ActiveCfg = Release|Any CPU
		{8B077BF1-D9C1-42D4-ACBD-11D11C08782D}.GPU|x64.Build.0 = Release|Any CPU
		{8B077BF1-D9C1-42D4-ACBD-11D11C08782D}.Release|Any CPU.ActiveCfg = Release|Any CPU
		{8B077BF1-D9C1-42D4-ACBD-11D11C08782D}.Release|Any CPU.Build.0 = Release|Any CPU
		{8B077BF1-D9C1-42D4-ACBD-11D11C08782D}.Release|x64.ActiveCfg = Release|Any CPU
		{8B077BF1-D9C1-42D4-ACBD-11D11C08782D}.Release|x64.Build.0 = Release|Any CPU
		{AEB44909-2C69-499D-9EC9-E4596D55618F}.Debug|Any CPU.ActiveCfg = Debug|Any CPU
		{AEB44909-2C69-499D-9EC9-E4596D55618F}.Debug|Any CPU.Build.0 = Debug|Any CPU
		{AEB44909-2C69-499D-9EC9-E4596D55618F}.Debug|x64.ActiveCfg = Debug|Any CPU
		{AEB44909-2C69-499D-9EC9-E4596D55618F}.Debug|x64.Build.0 = Debug|Any CPU
		{AEB44909-2C69-499D-9EC9-E4596D55618F}.GPU|Any CPU.ActiveCfg = Release|Any CPU
		{AEB44909-2C69-499D-9EC9-E4596D55618F}.GPU|Any CPU.Build.0 = Release|Any CPU
		{AEB44909-2C69-499D-9EC9-E4596D55618F}.GPU|x64.ActiveCfg = Release|Any CPU
		{AEB44909-2C69-499D-9EC9-E4596D55618F}.GPU|x64.Build.0 = Release|Any CPU
		{AEB44909-2C69-499D-9EC9-E4596D55618F}.Release|Any CPU.ActiveCfg = Release|Any CPU
		{AEB44909-2C69-499D-9EC9-E4596D55618F}.Release|Any CPU.Build.0 = Release|Any CPU
		{AEB44909-2C69-499D-9EC9-E4596D55618F}.Release|x64.ActiveCfg = Release|Any CPU
		{AEB44909-2C69-499D-9EC9-E4596D55618F}.Release|x64.Build.0 = Release|Any CPU
		{01FC878B-CCC5-463E-8CD2-A8DD7FAE4A86}.Debug|Any CPU.ActiveCfg = Debug|Any CPU
		{01FC878B-CCC5-463E-8CD2-A8DD7FAE4A86}.Debug|Any CPU.Build.0 = Debug|Any CPU
		{01FC878B-CCC5-463E-8CD2-A8DD7FAE4A86}.Debug|x64.ActiveCfg = Debug|Any CPU
		{01FC878B-CCC5-463E-8CD2-A8DD7FAE4A86}.Debug|x64.Build.0 = Debug|Any CPU
		{01FC878B-CCC5-463E-8CD2-A8DD7FAE4A86}.GPU|Any CPU.ActiveCfg = Release|Any CPU
		{01FC878B-CCC5-463E-8CD2-A8DD7FAE4A86}.GPU|Any CPU.Build.0 = Release|Any CPU
		{01FC878B-CCC5-463E-8CD2-A8DD7FAE4A86}.GPU|x64.ActiveCfg = Release|Any CPU
		{01FC878B-CCC5-463E-8CD2-A8DD7FAE4A86}.GPU|x64.Build.0 = Release|Any CPU
		{01FC878B-CCC5-463E-8CD2-A8DD7FAE4A86}.Release|Any CPU.ActiveCfg = Release|Any CPU
		{01FC878B-CCC5-463E-8CD2-A8DD7FAE4A86}.Release|Any CPU.Build.0 = Release|Any CPU
		{01FC878B-CCC5-463E-8CD2-A8DD7FAE4A86}.Release|x64.ActiveCfg = Release|Any CPU
		{01FC878B-CCC5-463E-8CD2-A8DD7FAE4A86}.Release|x64.Build.0 = Release|Any CPU
		{FAA54E3A-DA98-48AE-B2C2-02793E7325F1}.Debug|Any CPU.ActiveCfg = Debug|Any CPU
		{FAA54E3A-DA98-48AE-B2C2-02793E7325F1}.Debug|Any CPU.Build.0 = Debug|Any CPU
		{FAA54E3A-DA98-48AE-B2C2-02793E7325F1}.Debug|x64.ActiveCfg = Debug|Any CPU
		{FAA54E3A-DA98-48AE-B2C2-02793E7325F1}.Debug|x64.Build.0 = Debug|Any CPU
		{FAA54E3A-DA98-48AE-B2C2-02793E7325F1}.GPU|Any CPU.ActiveCfg = Release|Any CPU
		{FAA54E3A-DA98-48AE-B2C2-02793E7325F1}.GPU|Any CPU.Build.0 = Release|Any CPU
		{FAA54E3A-DA98-48AE-B2C2-02793E7325F1}.GPU|x64.ActiveCfg = Release|Any CPU
		{FAA54E3A-DA98-48AE-B2C2-02793E7325F1}.GPU|x64.Build.0 = Release|Any CPU
		{FAA54E3A-DA98-48AE-B2C2-02793E7325F1}.Release|Any CPU.ActiveCfg = Release|Any CPU
		{FAA54E3A-DA98-48AE-B2C2-02793E7325F1}.Release|Any CPU.Build.0 = Release|Any CPU
		{FAA54E3A-DA98-48AE-B2C2-02793E7325F1}.Release|x64.ActiveCfg = Release|Any CPU
		{FAA54E3A-DA98-48AE-B2C2-02793E7325F1}.Release|x64.Build.0 = Release|Any CPU
		{57A1F7B7-9DF8-4ED1-8712-4367B5C526D1}.Debug|Any CPU.ActiveCfg = Debug|Any CPU
		{57A1F7B7-9DF8-4ED1-8712-4367B5C526D1}.Debug|Any CPU.Build.0 = Debug|Any CPU
		{57A1F7B7-9DF8-4ED1-8712-4367B5C526D1}.Debug|x64.ActiveCfg = Debug|Any CPU
		{57A1F7B7-9DF8-4ED1-8712-4367B5C526D1}.Debug|x64.Build.0 = Debug|Any CPU
		{57A1F7B7-9DF8-4ED1-8712-4367B5C526D1}.GPU|Any CPU.ActiveCfg = Release|Any CPU
		{57A1F7B7-9DF8-4ED1-8712-4367B5C526D1}.GPU|Any CPU.Build.0 = Release|Any CPU
		{57A1F7B7-9DF8-4ED1-8712-4367B5C526D1}.GPU|x64.ActiveCfg = Release|Any CPU
		{57A1F7B7-9DF8-4ED1-8712-4367B5C526D1}.GPU|x64.Build.0 = Release|Any CPU
		{57A1F7B7-9DF8-4ED1-8712-4367B5C526D1}.Release|Any CPU.ActiveCfg = Release|Any CPU
		{57A1F7B7-9DF8-4ED1-8712-4367B5C526D1}.Release|Any CPU.Build.0 = Release|Any CPU
		{57A1F7B7-9DF8-4ED1-8712-4367B5C526D1}.Release|x64.ActiveCfg = Release|Any CPU
		{57A1F7B7-9DF8-4ED1-8712-4367B5C526D1}.Release|x64.Build.0 = Release|Any CPU
		{A71C536D-C214-46D6-8D8F-9778B9FA0DD5}.Debug|Any CPU.ActiveCfg = Debug|Any CPU
		{A71C536D-C214-46D6-8D8F-9778B9FA0DD5}.Debug|Any CPU.Build.0 = Debug|Any CPU
		{A71C536D-C214-46D6-8D8F-9778B9FA0DD5}.Debug|x64.ActiveCfg = Debug|Any CPU
		{A71C536D-C214-46D6-8D8F-9778B9FA0DD5}.Debug|x64.Build.0 = Debug|Any CPU
		{A71C536D-C214-46D6-8D8F-9778B9FA0DD5}.GPU|Any CPU.ActiveCfg = Release|Any CPU
		{A71C536D-C214-46D6-8D8F-9778B9FA0DD5}.GPU|Any CPU.Build.0 = Release|Any CPU
		{A71C536D-C214-46D6-8D8F-9778B9FA0DD5}.GPU|x64.ActiveCfg = Release|Any CPU
		{A71C536D-C214-46D6-8D8F-9778B9FA0DD5}.GPU|x64.Build.0 = Release|Any CPU
		{A71C536D-C214-46D6-8D8F-9778B9FA0DD5}.Release|Any CPU.ActiveCfg = Release|Any CPU
		{A71C536D-C214-46D6-8D8F-9778B9FA0DD5}.Release|Any CPU.Build.0 = Release|Any CPU
		{A71C536D-C214-46D6-8D8F-9778B9FA0DD5}.Release|x64.ActiveCfg = Release|Any CPU
		{A71C536D-C214-46D6-8D8F-9778B9FA0DD5}.Release|x64.Build.0 = Release|Any CPU
		{F870A387-6F73-49AE-BEB9-32520B92AC71}.Debug|Any CPU.ActiveCfg = Debug|Any CPU
		{F870A387-6F73-49AE-BEB9-32520B92AC71}.Debug|Any CPU.Build.0 = Debug|Any CPU
		{F870A387-6F73-49AE-BEB9-32520B92AC71}.Debug|x64.ActiveCfg = Debug|Any CPU
		{F870A387-6F73-49AE-BEB9-32520B92AC71}.Debug|x64.Build.0 = Debug|Any CPU
		{F870A387-6F73-49AE-BEB9-32520B92AC71}.GPU|Any CPU.ActiveCfg = Release|Any CPU
		{F870A387-6F73-49AE-BEB9-32520B92AC71}.GPU|Any CPU.Build.0 = Release|Any CPU
		{F870A387-6F73-49AE-BEB9-32520B92AC71}.GPU|x64.ActiveCfg = Release|Any CPU
		{F870A387-6F73-49AE-BEB9-32520B92AC71}.GPU|x64.Build.0 = Release|Any CPU
		{F870A387-6F73-49AE-BEB9-32520B92AC71}.Release|Any CPU.ActiveCfg = Release|Any CPU
		{F870A387-6F73-49AE-BEB9-32520B92AC71}.Release|Any CPU.Build.0 = Release|Any CPU
		{F870A387-6F73-49AE-BEB9-32520B92AC71}.Release|x64.ActiveCfg = Release|Any CPU
		{F870A387-6F73-49AE-BEB9-32520B92AC71}.Release|x64.Build.0 = Release|Any CPU
		{A7FB71E5-FE5B-47A5-BD1E-97FF24C6D079}.Debug|Any CPU.ActiveCfg = Debug|Any CPU
		{A7FB71E5-FE5B-47A5-BD1E-97FF24C6D079}.Debug|Any CPU.Build.0 = Debug|Any CPU
		{A7FB71E5-FE5B-47A5-BD1E-97FF24C6D079}.Debug|x64.ActiveCfg = Debug|Any CPU
		{A7FB71E5-FE5B-47A5-BD1E-97FF24C6D079}.Debug|x64.Build.0 = Debug|Any CPU
		{A7FB71E5-FE5B-47A5-BD1E-97FF24C6D079}.GPU|Any CPU.ActiveCfg = Release|Any CPU
		{A7FB71E5-FE5B-47A5-BD1E-97FF24C6D079}.GPU|Any CPU.Build.0 = Release|Any CPU
		{A7FB71E5-FE5B-47A5-BD1E-97FF24C6D079}.GPU|x64.ActiveCfg = Release|Any CPU
		{A7FB71E5-FE5B-47A5-BD1E-97FF24C6D079}.GPU|x64.Build.0 = Release|Any CPU
		{A7FB71E5-FE5B-47A5-BD1E-97FF24C6D079}.Release|Any CPU.ActiveCfg = Release|Any CPU
		{A7FB71E5-FE5B-47A5-BD1E-97FF24C6D079}.Release|Any CPU.Build.0 = Release|Any CPU
		{A7FB71E5-FE5B-47A5-BD1E-97FF24C6D079}.Release|x64.ActiveCfg = Release|Any CPU
		{A7FB71E5-FE5B-47A5-BD1E-97FF24C6D079}.Release|x64.Build.0 = Release|Any CPU
		{C1943E98-9523-4077-9519-B507152B6CEE}.Debug|Any CPU.ActiveCfg = Debug|Any CPU
		{C1943E98-9523-4077-9519-B507152B6CEE}.Debug|Any CPU.Build.0 = Debug|Any CPU
		{C1943E98-9523-4077-9519-B507152B6CEE}.Debug|x64.ActiveCfg = Debug|Any CPU
		{C1943E98-9523-4077-9519-B507152B6CEE}.Debug|x64.Build.0 = Debug|Any CPU
		{C1943E98-9523-4077-9519-B507152B6CEE}.GPU|Any CPU.ActiveCfg = Release|Any CPU
		{C1943E98-9523-4077-9519-B507152B6CEE}.GPU|Any CPU.Build.0 = Release|Any CPU
		{C1943E98-9523-4077-9519-B507152B6CEE}.GPU|x64.ActiveCfg = Release|Any CPU
		{C1943E98-9523-4077-9519-B507152B6CEE}.GPU|x64.Build.0 = Release|Any CPU
		{C1943E98-9523-4077-9519-B507152B6CEE}.Release|Any CPU.ActiveCfg = Release|Any CPU
		{C1943E98-9523-4077-9519-B507152B6CEE}.Release|Any CPU.Build.0 = Release|Any CPU
		{C1943E98-9523-4077-9519-B507152B6CEE}.Release|x64.ActiveCfg = Release|Any CPU
		{C1943E98-9523-4077-9519-B507152B6CEE}.Release|x64.Build.0 = Release|Any CPU
		{2AF660F7-CCE8-4C1A-894D-18D8FFB4E33C}.Debug|Any CPU.ActiveCfg = Debug|Any CPU
		{2AF660F7-CCE8-4C1A-894D-18D8FFB4E33C}.Debug|Any CPU.Build.0 = Debug|Any CPU
		{2AF660F7-CCE8-4C1A-894D-18D8FFB4E33C}.Debug|x64.ActiveCfg = Debug|Any CPU
		{2AF660F7-CCE8-4C1A-894D-18D8FFB4E33C}.Debug|x64.Build.0 = Debug|Any CPU
		{2AF660F7-CCE8-4C1A-894D-18D8FFB4E33C}.GPU|Any CPU.ActiveCfg = Release|Any CPU
		{2AF660F7-CCE8-4C1A-894D-18D8FFB4E33C}.GPU|Any CPU.Build.0 = Release|Any CPU
		{2AF660F7-CCE8-4C1A-894D-18D8FFB4E33C}.GPU|x64.ActiveCfg = Release|Any CPU
		{2AF660F7-CCE8-4C1A-894D-18D8FFB4E33C}.GPU|x64.Build.0 = Release|Any CPU
		{2AF660F7-CCE8-4C1A-894D-18D8FFB4E33C}.Release|Any CPU.ActiveCfg = Release|Any CPU
		{2AF660F7-CCE8-4C1A-894D-18D8FFB4E33C}.Release|Any CPU.Build.0 = Release|Any CPU
		{2AF660F7-CCE8-4C1A-894D-18D8FFB4E33C}.Release|x64.ActiveCfg = Release|Any CPU
		{2AF660F7-CCE8-4C1A-894D-18D8FFB4E33C}.Release|x64.Build.0 = Release|Any CPU
		{7461AEB4-9824-4B78-8FF1-0196A846C3EB}.Debug|Any CPU.ActiveCfg = Debug|Any CPU
		{7461AEB4-9824-4B78-8FF1-0196A846C3EB}.Debug|Any CPU.Build.0 = Debug|Any CPU
		{7461AEB4-9824-4B78-8FF1-0196A846C3EB}.Debug|x64.ActiveCfg = Debug|Any CPU
		{7461AEB4-9824-4B78-8FF1-0196A846C3EB}.Debug|x64.Build.0 = Debug|Any CPU
		{7461AEB4-9824-4B78-8FF1-0196A846C3EB}.GPU|Any CPU.ActiveCfg = Release|Any CPU
		{7461AEB4-9824-4B78-8FF1-0196A846C3EB}.GPU|Any CPU.Build.0 = Release|Any CPU
		{7461AEB4-9824-4B78-8FF1-0196A846C3EB}.GPU|x64.ActiveCfg = Release|Any CPU
		{7461AEB4-9824-4B78-8FF1-0196A846C3EB}.GPU|x64.Build.0 = Release|Any CPU
		{7461AEB4-9824-4B78-8FF1-0196A846C3EB}.Release|Any CPU.ActiveCfg = Release|Any CPU
		{7461AEB4-9824-4B78-8FF1-0196A846C3EB}.Release|Any CPU.Build.0 = Release|Any CPU
		{7461AEB4-9824-4B78-8FF1-0196A846C3EB}.Release|x64.ActiveCfg = Release|Any CPU
		{7461AEB4-9824-4B78-8FF1-0196A846C3EB}.Release|x64.Build.0 = Release|Any CPU
		{0396234B-BE97-4FEA-B90E-B8E2C40952E9}.Debug|Any CPU.ActiveCfg = Debug|Any CPU
		{0396234B-BE97-4FEA-B90E-B8E2C40952E9}.Debug|Any CPU.Build.0 = Debug|Any CPU
		{0396234B-BE97-4FEA-B90E-B8E2C40952E9}.Debug|x64.ActiveCfg = Debug|Any CPU
		{0396234B-BE97-4FEA-B90E-B8E2C40952E9}.Debug|x64.Build.0 = Debug|Any CPU
		{0396234B-BE97-4FEA-B90E-B8E2C40952E9}.GPU|Any CPU.ActiveCfg = Release|Any CPU
		{0396234B-BE97-4FEA-B90E-B8E2C40952E9}.GPU|Any CPU.Build.0 = Release|Any CPU
		{0396234B-BE97-4FEA-B90E-B8E2C40952E9}.GPU|x64.ActiveCfg = Release|Any CPU
		{0396234B-BE97-4FEA-B90E-B8E2C40952E9}.GPU|x64.Build.0 = Release|Any CPU
		{0396234B-BE97-4FEA-B90E-B8E2C40952E9}.Release|Any CPU.ActiveCfg = Release|Any CPU
		{0396234B-BE97-4FEA-B90E-B8E2C40952E9}.Release|Any CPU.Build.0 = Release|Any CPU
		{0396234B-BE97-4FEA-B90E-B8E2C40952E9}.Release|x64.ActiveCfg = Release|Any CPU
		{0396234B-BE97-4FEA-B90E-B8E2C40952E9}.Release|x64.Build.0 = Release|Any CPU
		{C5A86808-D520-4AE8-BBBC-CC7589CDE25C}.Debug|Any CPU.ActiveCfg = Debug|Any CPU
		{C5A86808-D520-4AE8-BBBC-CC7589CDE25C}.Debug|Any CPU.Build.0 = Debug|Any CPU
		{C5A86808-D520-4AE8-BBBC-CC7589CDE25C}.Debug|x64.ActiveCfg = Debug|Any CPU
		{C5A86808-D520-4AE8-BBBC-CC7589CDE25C}.Debug|x64.Build.0 = Debug|Any CPU
		{C5A86808-D520-4AE8-BBBC-CC7589CDE25C}.GPU|Any CPU.ActiveCfg = Release|Any CPU
		{C5A86808-D520-4AE8-BBBC-CC7589CDE25C}.GPU|Any CPU.Build.0 = Release|Any CPU
		{C5A86808-D520-4AE8-BBBC-CC7589CDE25C}.GPU|x64.ActiveCfg = Release|Any CPU
		{C5A86808-D520-4AE8-BBBC-CC7589CDE25C}.GPU|x64.Build.0 = Release|Any CPU
		{C5A86808-D520-4AE8-BBBC-CC7589CDE25C}.Release|Any CPU.ActiveCfg = Release|Any CPU
		{C5A86808-D520-4AE8-BBBC-CC7589CDE25C}.Release|Any CPU.Build.0 = Release|Any CPU
		{C5A86808-D520-4AE8-BBBC-CC7589CDE25C}.Release|x64.ActiveCfg = Release|Any CPU
		{C5A86808-D520-4AE8-BBBC-CC7589CDE25C}.Release|x64.Build.0 = Release|Any CPU
		{8C5D604A-C0BD-460B-B0BA-D3E66DC88563}.Debug|Any CPU.ActiveCfg = Debug|Any CPU
		{8C5D604A-C0BD-460B-B0BA-D3E66DC88563}.Debug|Any CPU.Build.0 = Debug|Any CPU
		{8C5D604A-C0BD-460B-B0BA-D3E66DC88563}.Debug|x64.ActiveCfg = Debug|Any CPU
		{8C5D604A-C0BD-460B-B0BA-D3E66DC88563}.Debug|x64.Build.0 = Debug|Any CPU
		{8C5D604A-C0BD-460B-B0BA-D3E66DC88563}.GPU|Any CPU.ActiveCfg = Release|Any CPU
		{8C5D604A-C0BD-460B-B0BA-D3E66DC88563}.GPU|Any CPU.Build.0 = Release|Any CPU
		{8C5D604A-C0BD-460B-B0BA-D3E66DC88563}.GPU|x64.ActiveCfg = Release|Any CPU
		{8C5D604A-C0BD-460B-B0BA-D3E66DC88563}.GPU|x64.Build.0 = Release|Any CPU
		{8C5D604A-C0BD-460B-B0BA-D3E66DC88563}.Release|Any CPU.ActiveCfg = Release|Any CPU
		{8C5D604A-C0BD-460B-B0BA-D3E66DC88563}.Release|Any CPU.Build.0 = Release|Any CPU
		{8C5D604A-C0BD-460B-B0BA-D3E66DC88563}.Release|x64.ActiveCfg = Release|Any CPU
		{8C5D604A-C0BD-460B-B0BA-D3E66DC88563}.Release|x64.Build.0 = Release|Any CPU
		{D6EAE0A1-FF03-4A1F-A18D-D109E4B6AA65}.Debug|Any CPU.ActiveCfg = Debug|Any CPU
		{D6EAE0A1-FF03-4A1F-A18D-D109E4B6AA65}.Debug|Any CPU.Build.0 = Debug|Any CPU
		{D6EAE0A1-FF03-4A1F-A18D-D109E4B6AA65}.Debug|x64.ActiveCfg = Debug|Any CPU
		{D6EAE0A1-FF03-4A1F-A18D-D109E4B6AA65}.Debug|x64.Build.0 = Debug|Any CPU
		{D6EAE0A1-FF03-4A1F-A18D-D109E4B6AA65}.GPU|Any CPU.ActiveCfg = Release|Any CPU
		{D6EAE0A1-FF03-4A1F-A18D-D109E4B6AA65}.GPU|Any CPU.Build.0 = Release|Any CPU
		{D6EAE0A1-FF03-4A1F-A18D-D109E4B6AA65}.GPU|x64.ActiveCfg = Release|Any CPU
		{D6EAE0A1-FF03-4A1F-A18D-D109E4B6AA65}.GPU|x64.Build.0 = Release|Any CPU
		{D6EAE0A1-FF03-4A1F-A18D-D109E4B6AA65}.Release|Any CPU.ActiveCfg = Release|Any CPU
		{D6EAE0A1-FF03-4A1F-A18D-D109E4B6AA65}.Release|Any CPU.Build.0 = Release|Any CPU
		{D6EAE0A1-FF03-4A1F-A18D-D109E4B6AA65}.Release|x64.ActiveCfg = Release|Any CPU
		{D6EAE0A1-FF03-4A1F-A18D-D109E4B6AA65}.Release|x64.Build.0 = Release|Any CPU
		{3B40F383-F34C-4982-9B58-01AD21EFD841}.Debug|Any CPU.ActiveCfg = Debug|Any CPU
		{3B40F383-F34C-4982-9B58-01AD21EFD841}.Debug|Any CPU.Build.0 = Debug|Any CPU
		{3B40F383-F34C-4982-9B58-01AD21EFD841}.Debug|x64.ActiveCfg = Debug|Any CPU
		{3B40F383-F34C-4982-9B58-01AD21EFD841}.Debug|x64.Build.0 = Debug|Any CPU
		{3B40F383-F34C-4982-9B58-01AD21EFD841}.GPU|Any CPU.ActiveCfg = Release|Any CPU
		{3B40F383-F34C-4982-9B58-01AD21EFD841}.GPU|Any CPU.Build.0 = Release|Any CPU
		{3B40F383-F34C-4982-9B58-01AD21EFD841}.GPU|x64.ActiveCfg = Release|Any CPU
		{3B40F383-F34C-4982-9B58-01AD21EFD841}.GPU|x64.Build.0 = Release|Any CPU
		{3B40F383-F34C-4982-9B58-01AD21EFD841}.Release|Any CPU.ActiveCfg = Release|Any CPU
		{3B40F383-F34C-4982-9B58-01AD21EFD841}.Release|Any CPU.Build.0 = Release|Any CPU
		{3B40F383-F34C-4982-9B58-01AD21EFD841}.Release|x64.ActiveCfg = Release|Any CPU
		{3B40F383-F34C-4982-9B58-01AD21EFD841}.Release|x64.Build.0 = Release|Any CPU
		{CA12FEE3-3CD2-4294-AD54-D4AC99E8B8A1}.Debug|Any CPU.ActiveCfg = Debug|Any CPU
		{CA12FEE3-3CD2-4294-AD54-D4AC99E8B8A1}.Debug|Any CPU.Build.0 = Debug|Any CPU
		{CA12FEE3-3CD2-4294-AD54-D4AC99E8B8A1}.Debug|x64.ActiveCfg = Debug|Any CPU
		{CA12FEE3-3CD2-4294-AD54-D4AC99E8B8A1}.Debug|x64.Build.0 = Debug|Any CPU
		{CA12FEE3-3CD2-4294-AD54-D4AC99E8B8A1}.GPU|Any CPU.ActiveCfg = Release|Any CPU
		{CA12FEE3-3CD2-4294-AD54-D4AC99E8B8A1}.GPU|Any CPU.Build.0 = Release|Any CPU
		{CA12FEE3-3CD2-4294-AD54-D4AC99E8B8A1}.GPU|x64.ActiveCfg = Release|Any CPU
		{CA12FEE3-3CD2-4294-AD54-D4AC99E8B8A1}.GPU|x64.Build.0 = Release|Any CPU
		{CA12FEE3-3CD2-4294-AD54-D4AC99E8B8A1}.Release|Any CPU.ActiveCfg = Release|Any CPU
		{CA12FEE3-3CD2-4294-AD54-D4AC99E8B8A1}.Release|Any CPU.Build.0 = Release|Any CPU
		{CA12FEE3-3CD2-4294-AD54-D4AC99E8B8A1}.Release|x64.ActiveCfg = Release|Any CPU
		{CA12FEE3-3CD2-4294-AD54-D4AC99E8B8A1}.Release|x64.Build.0 = Release|Any CPU
		{62D0E906-ECD5-4F0E-8A28-1762F5AC41A2}.Debug|Any CPU.ActiveCfg = Debug|Any CPU
		{62D0E906-ECD5-4F0E-8A28-1762F5AC41A2}.Debug|Any CPU.Build.0 = Debug|Any CPU
		{62D0E906-ECD5-4F0E-8A28-1762F5AC41A2}.Debug|x64.ActiveCfg = Debug|Any CPU
		{62D0E906-ECD5-4F0E-8A28-1762F5AC41A2}.Debug|x64.Build.0 = Debug|Any CPU
		{62D0E906-ECD5-4F0E-8A28-1762F5AC41A2}.GPU|Any CPU.ActiveCfg = Release|Any CPU
		{62D0E906-ECD5-4F0E-8A28-1762F5AC41A2}.GPU|Any CPU.Build.0 = Release|Any CPU
		{62D0E906-ECD5-4F0E-8A28-1762F5AC41A2}.GPU|x64.ActiveCfg = Release|Any CPU
		{62D0E906-ECD5-4F0E-8A28-1762F5AC41A2}.GPU|x64.Build.0 = Release|Any CPU
		{62D0E906-ECD5-4F0E-8A28-1762F5AC41A2}.Release|Any CPU.ActiveCfg = Release|Any CPU
		{62D0E906-ECD5-4F0E-8A28-1762F5AC41A2}.Release|Any CPU.Build.0 = Release|Any CPU
		{62D0E906-ECD5-4F0E-8A28-1762F5AC41A2}.Release|x64.ActiveCfg = Release|Any CPU
		{62D0E906-ECD5-4F0E-8A28-1762F5AC41A2}.Release|x64.Build.0 = Release|Any CPU
		{ED92518C-3333-4FD6-B07B-59DB5EC11C1C}.Debug|Any CPU.ActiveCfg = Debug|Any CPU
		{ED92518C-3333-4FD6-B07B-59DB5EC11C1C}.Debug|Any CPU.Build.0 = Debug|Any CPU
		{ED92518C-3333-4FD6-B07B-59DB5EC11C1C}.Debug|x64.ActiveCfg = Debug|Any CPU
		{ED92518C-3333-4FD6-B07B-59DB5EC11C1C}.Debug|x64.Build.0 = Debug|Any CPU
		{ED92518C-3333-4FD6-B07B-59DB5EC11C1C}.GPU|Any CPU.ActiveCfg = Release|Any CPU
		{ED92518C-3333-4FD6-B07B-59DB5EC11C1C}.GPU|Any CPU.Build.0 = Release|Any CPU
		{ED92518C-3333-4FD6-B07B-59DB5EC11C1C}.GPU|x64.ActiveCfg = Release|Any CPU
		{ED92518C-3333-4FD6-B07B-59DB5EC11C1C}.GPU|x64.Build.0 = Release|Any CPU
		{ED92518C-3333-4FD6-B07B-59DB5EC11C1C}.Release|Any CPU.ActiveCfg = Release|Any CPU
		{ED92518C-3333-4FD6-B07B-59DB5EC11C1C}.Release|Any CPU.Build.0 = Release|Any CPU
		{ED92518C-3333-4FD6-B07B-59DB5EC11C1C}.Release|x64.ActiveCfg = Release|Any CPU
		{ED92518C-3333-4FD6-B07B-59DB5EC11C1C}.Release|x64.Build.0 = Release|Any CPU
		{38DFE235-FCE5-4427-95D4-4FBB5C6203B3}.Debug|Any CPU.ActiveCfg = Debug|Any CPU
		{38DFE235-FCE5-4427-95D4-4FBB5C6203B3}.Debug|Any CPU.Build.0 = Debug|Any CPU
		{38DFE235-FCE5-4427-95D4-4FBB5C6203B3}.Debug|x64.ActiveCfg = Debug|Any CPU
		{38DFE235-FCE5-4427-95D4-4FBB5C6203B3}.Debug|x64.Build.0 = Debug|Any CPU
		{38DFE235-FCE5-4427-95D4-4FBB5C6203B3}.GPU|Any CPU.ActiveCfg = Release|Any CPU
		{38DFE235-FCE5-4427-95D4-4FBB5C6203B3}.GPU|Any CPU.Build.0 = Release|Any CPU
		{38DFE235-FCE5-4427-95D4-4FBB5C6203B3}.GPU|x64.ActiveCfg = Release|Any CPU
		{38DFE235-FCE5-4427-95D4-4FBB5C6203B3}.GPU|x64.Build.0 = Release|Any CPU
		{38DFE235-FCE5-4427-95D4-4FBB5C6203B3}.Release|Any CPU.ActiveCfg = Release|Any CPU
		{38DFE235-FCE5-4427-95D4-4FBB5C6203B3}.Release|Any CPU.Build.0 = Release|Any CPU
		{38DFE235-FCE5-4427-95D4-4FBB5C6203B3}.Release|x64.ActiveCfg = Release|Any CPU
		{38DFE235-FCE5-4427-95D4-4FBB5C6203B3}.Release|x64.Build.0 = Release|Any CPU
		{B15DB7B6-413A-401B-95B0-431F86ADCF4B}.Debug|Any CPU.ActiveCfg = Debug|Any CPU
		{B15DB7B6-413A-401B-95B0-431F86ADCF4B}.Debug|Any CPU.Build.0 = Debug|Any CPU
		{B15DB7B6-413A-401B-95B0-431F86ADCF4B}.Debug|x64.ActiveCfg = Debug|Any CPU
		{B15DB7B6-413A-401B-95B0-431F86ADCF4B}.Debug|x64.Build.0 = Debug|Any CPU
		{B15DB7B6-413A-401B-95B0-431F86ADCF4B}.GPU|Any CPU.ActiveCfg = Release|Any CPU
		{B15DB7B6-413A-401B-95B0-431F86ADCF4B}.GPU|Any CPU.Build.0 = Release|Any CPU
		{B15DB7B6-413A-401B-95B0-431F86ADCF4B}.GPU|x64.ActiveCfg = Release|Any CPU
		{B15DB7B6-413A-401B-95B0-431F86ADCF4B}.GPU|x64.Build.0 = Release|Any CPU
		{B15DB7B6-413A-401B-95B0-431F86ADCF4B}.Release|Any CPU.ActiveCfg = Release|Any CPU
		{B15DB7B6-413A-401B-95B0-431F86ADCF4B}.Release|Any CPU.Build.0 = Release|Any CPU
		{B15DB7B6-413A-401B-95B0-431F86ADCF4B}.Release|x64.ActiveCfg = Release|Any CPU
		{B15DB7B6-413A-401B-95B0-431F86ADCF4B}.Release|x64.Build.0 = Release|Any CPU
		{1B325459-71B5-47BD-A5F1-10D78E42D3D7}.Debug|Any CPU.ActiveCfg = Debug|Any CPU
		{1B325459-71B5-47BD-A5F1-10D78E42D3D7}.Debug|Any CPU.Build.0 = Debug|Any CPU
		{1B325459-71B5-47BD-A5F1-10D78E42D3D7}.Debug|x64.ActiveCfg = Debug|Any CPU
		{1B325459-71B5-47BD-A5F1-10D78E42D3D7}.Debug|x64.Build.0 = Debug|Any CPU
		{1B325459-71B5-47BD-A5F1-10D78E42D3D7}.GPU|Any CPU.ActiveCfg = Release|Any CPU
		{1B325459-71B5-47BD-A5F1-10D78E42D3D7}.GPU|Any CPU.Build.0 = Release|Any CPU
		{1B325459-71B5-47BD-A5F1-10D78E42D3D7}.GPU|x64.ActiveCfg = Release|Any CPU
		{1B325459-71B5-47BD-A5F1-10D78E42D3D7}.GPU|x64.Build.0 = Release|Any CPU
		{1B325459-71B5-47BD-A5F1-10D78E42D3D7}.Release|Any CPU.ActiveCfg = Release|Any CPU
		{1B325459-71B5-47BD-A5F1-10D78E42D3D7}.Release|Any CPU.Build.0 = Release|Any CPU
		{1B325459-71B5-47BD-A5F1-10D78E42D3D7}.Release|x64.ActiveCfg = Release|Any CPU
		{1B325459-71B5-47BD-A5F1-10D78E42D3D7}.Release|x64.Build.0 = Release|Any CPU
		{59EDA1D0-AA4A-4AF0-9D95-546B8C87FCDC}.Debug|Any CPU.ActiveCfg = Debug|Any CPU
		{59EDA1D0-AA4A-4AF0-9D95-546B8C87FCDC}.Debug|Any CPU.Build.0 = Debug|Any CPU
		{59EDA1D0-AA4A-4AF0-9D95-546B8C87FCDC}.Debug|x64.ActiveCfg = Debug|Any CPU
		{59EDA1D0-AA4A-4AF0-9D95-546B8C87FCDC}.Debug|x64.Build.0 = Debug|Any CPU
		{59EDA1D0-AA4A-4AF0-9D95-546B8C87FCDC}.GPU|Any CPU.ActiveCfg = Release|Any CPU
		{59EDA1D0-AA4A-4AF0-9D95-546B8C87FCDC}.GPU|Any CPU.Build.0 = Release|Any CPU
		{59EDA1D0-AA4A-4AF0-9D95-546B8C87FCDC}.GPU|x64.ActiveCfg = Release|Any CPU
		{59EDA1D0-AA4A-4AF0-9D95-546B8C87FCDC}.GPU|x64.Build.0 = Release|Any CPU
		{59EDA1D0-AA4A-4AF0-9D95-546B8C87FCDC}.Release|Any CPU.ActiveCfg = Release|Any CPU
		{59EDA1D0-AA4A-4AF0-9D95-546B8C87FCDC}.Release|Any CPU.Build.0 = Release|Any CPU
		{59EDA1D0-AA4A-4AF0-9D95-546B8C87FCDC}.Release|x64.ActiveCfg = Release|Any CPU
		{59EDA1D0-AA4A-4AF0-9D95-546B8C87FCDC}.Release|x64.Build.0 = Release|Any CPU
		{57AD8F16-304A-485D-9EE2-2265C8B9A7F3}.Debug|Any CPU.ActiveCfg = Debug|Any CPU
		{57AD8F16-304A-485D-9EE2-2265C8B9A7F3}.Debug|Any CPU.Build.0 = Debug|Any CPU
		{57AD8F16-304A-485D-9EE2-2265C8B9A7F3}.Debug|x64.ActiveCfg = Debug|Any CPU
		{57AD8F16-304A-485D-9EE2-2265C8B9A7F3}.Debug|x64.Build.0 = Debug|Any CPU
		{57AD8F16-304A-485D-9EE2-2265C8B9A7F3}.GPU|Any CPU.ActiveCfg = Release|Any CPU
		{57AD8F16-304A-485D-9EE2-2265C8B9A7F3}.GPU|Any CPU.Build.0 = Release|Any CPU
		{57AD8F16-304A-485D-9EE2-2265C8B9A7F3}.GPU|x64.ActiveCfg = Release|Any CPU
		{57AD8F16-304A-485D-9EE2-2265C8B9A7F3}.GPU|x64.Build.0 = Release|Any CPU
		{57AD8F16-304A-485D-9EE2-2265C8B9A7F3}.Release|Any CPU.ActiveCfg = Release|Any CPU
		{57AD8F16-304A-485D-9EE2-2265C8B9A7F3}.Release|Any CPU.Build.0 = Release|Any CPU
		{57AD8F16-304A-485D-9EE2-2265C8B9A7F3}.Release|x64.ActiveCfg = Release|Any CPU
		{57AD8F16-304A-485D-9EE2-2265C8B9A7F3}.Release|x64.Build.0 = Release|Any CPU
		{ADFDE018-9985-4FD4-B665-98A891AAEEC8}.Debug|Any CPU.ActiveCfg = Debug|Any CPU
		{ADFDE018-9985-4FD4-B665-98A891AAEEC8}.Debug|Any CPU.Build.0 = Debug|Any CPU
		{ADFDE018-9985-4FD4-B665-98A891AAEEC8}.Debug|x64.ActiveCfg = Debug|x64
		{ADFDE018-9985-4FD4-B665-98A891AAEEC8}.Debug|x64.Build.0 = Debug|x64
		{ADFDE018-9985-4FD4-B665-98A891AAEEC8}.GPU|Any CPU.ActiveCfg = Debug|Any CPU
		{ADFDE018-9985-4FD4-B665-98A891AAEEC8}.GPU|Any CPU.Build.0 = Debug|Any CPU
		{ADFDE018-9985-4FD4-B665-98A891AAEEC8}.GPU|x64.ActiveCfg = Debug|x64
		{ADFDE018-9985-4FD4-B665-98A891AAEEC8}.GPU|x64.Build.0 = Debug|x64
		{ADFDE018-9985-4FD4-B665-98A891AAEEC8}.Release|Any CPU.ActiveCfg = Release|Any CPU
		{ADFDE018-9985-4FD4-B665-98A891AAEEC8}.Release|Any CPU.Build.0 = Release|Any CPU
		{ADFDE018-9985-4FD4-B665-98A891AAEEC8}.Release|x64.ActiveCfg = Release|x64
		{ADFDE018-9985-4FD4-B665-98A891AAEEC8}.Release|x64.Build.0 = Release|x64
		{2B106184-75F5-49FD-8115-5D4819E90657}.Debug|Any CPU.ActiveCfg = Debug|Any CPU
		{2B106184-75F5-49FD-8115-5D4819E90657}.Debug|Any CPU.Build.0 = Debug|Any CPU
		{2B106184-75F5-49FD-8115-5D4819E90657}.Debug|x64.ActiveCfg = Debug|x64
		{2B106184-75F5-49FD-8115-5D4819E90657}.Debug|x64.Build.0 = Debug|x64
		{2B106184-75F5-49FD-8115-5D4819E90657}.GPU|Any CPU.ActiveCfg = Debug|Any CPU
		{2B106184-75F5-49FD-8115-5D4819E90657}.GPU|Any CPU.Build.0 = Debug|Any CPU
		{2B106184-75F5-49FD-8115-5D4819E90657}.GPU|x64.ActiveCfg = Debug|x64
		{2B106184-75F5-49FD-8115-5D4819E90657}.GPU|x64.Build.0 = Debug|x64
		{2B106184-75F5-49FD-8115-5D4819E90657}.Release|Any CPU.ActiveCfg = Release|Any CPU
		{2B106184-75F5-49FD-8115-5D4819E90657}.Release|Any CPU.Build.0 = Release|Any CPU
		{2B106184-75F5-49FD-8115-5D4819E90657}.Release|x64.ActiveCfg = Release|x64
		{2B106184-75F5-49FD-8115-5D4819E90657}.Release|x64.Build.0 = Release|x64
		{6103F073-CFCA-4E04-AC13-AC35B5026449}.Debug|Any CPU.ActiveCfg = Debug|Any CPU
		{6103F073-CFCA-4E04-AC13-AC35B5026449}.Debug|Any CPU.Build.0 = Debug|Any CPU
		{6103F073-CFCA-4E04-AC13-AC35B5026449}.Debug|x64.ActiveCfg = Debug|x64
		{6103F073-CFCA-4E04-AC13-AC35B5026449}.Debug|x64.Build.0 = Debug|x64
		{6103F073-CFCA-4E04-AC13-AC35B5026449}.GPU|Any CPU.ActiveCfg = GPU|Any CPU
		{6103F073-CFCA-4E04-AC13-AC35B5026449}.GPU|Any CPU.Build.0 = GPU|Any CPU
		{6103F073-CFCA-4E04-AC13-AC35B5026449}.GPU|x64.ActiveCfg = GPU|x64
		{6103F073-CFCA-4E04-AC13-AC35B5026449}.GPU|x64.Build.0 = GPU|x64
		{6103F073-CFCA-4E04-AC13-AC35B5026449}.Release|Any CPU.ActiveCfg = Release|Any CPU
		{6103F073-CFCA-4E04-AC13-AC35B5026449}.Release|Any CPU.Build.0 = Release|Any CPU
		{6103F073-CFCA-4E04-AC13-AC35B5026449}.Release|x64.ActiveCfg = Release|x64
		{6103F073-CFCA-4E04-AC13-AC35B5026449}.Release|x64.Build.0 = Release|x64
		{BE8A0AD5-89EE-4873-B60E-EF6BE7F7ED79}.Debug|Any CPU.ActiveCfg = Debug|Any CPU
		{BE8A0AD5-89EE-4873-B60E-EF6BE7F7ED79}.Debug|Any CPU.Build.0 = Debug|Any CPU
		{BE8A0AD5-89EE-4873-B60E-EF6BE7F7ED79}.Debug|x64.ActiveCfg = Debug|x64
		{BE8A0AD5-89EE-4873-B60E-EF6BE7F7ED79}.Debug|x64.Build.0 = Debug|x64
		{BE8A0AD5-89EE-4873-B60E-EF6BE7F7ED79}.GPU|Any CPU.ActiveCfg = GPU|Any CPU
		{BE8A0AD5-89EE-4873-B60E-EF6BE7F7ED79}.GPU|Any CPU.Build.0 = GPU|Any CPU
		{BE8A0AD5-89EE-4873-B60E-EF6BE7F7ED79}.GPU|x64.ActiveCfg = GPU|x64
		{BE8A0AD5-89EE-4873-B60E-EF6BE7F7ED79}.GPU|x64.Build.0 = GPU|x64
		{BE8A0AD5-89EE-4873-B60E-EF6BE7F7ED79}.Release|Any CPU.ActiveCfg = Release|Any CPU
		{BE8A0AD5-89EE-4873-B60E-EF6BE7F7ED79}.Release|Any CPU.Build.0 = Release|Any CPU
		{BE8A0AD5-89EE-4873-B60E-EF6BE7F7ED79}.Release|x64.ActiveCfg = Release|x64
		{BE8A0AD5-89EE-4873-B60E-EF6BE7F7ED79}.Release|x64.Build.0 = Release|x64
		{01373722-B81D-45C9-9A13-755B2CE2A845}.Debug|Any CPU.ActiveCfg = Debug|Any CPU
		{01373722-B81D-45C9-9A13-755B2CE2A845}.Debug|Any CPU.Build.0 = Debug|Any CPU
		{01373722-B81D-45C9-9A13-755B2CE2A845}.Debug|x64.ActiveCfg = Debug|x64
		{01373722-B81D-45C9-9A13-755B2CE2A845}.Debug|x64.Build.0 = Debug|x64
		{01373722-B81D-45C9-9A13-755B2CE2A845}.GPU|Any CPU.ActiveCfg = Debug|Any CPU
		{01373722-B81D-45C9-9A13-755B2CE2A845}.GPU|Any CPU.Build.0 = Debug|Any CPU
		{01373722-B81D-45C9-9A13-755B2CE2A845}.GPU|x64.ActiveCfg = Debug|x64
		{01373722-B81D-45C9-9A13-755B2CE2A845}.GPU|x64.Build.0 = Debug|x64
		{01373722-B81D-45C9-9A13-755B2CE2A845}.Release|Any CPU.ActiveCfg = Release|Any CPU
		{01373722-B81D-45C9-9A13-755B2CE2A845}.Release|Any CPU.Build.0 = Release|Any CPU
		{01373722-B81D-45C9-9A13-755B2CE2A845}.Release|x64.ActiveCfg = Release|x64
		{01373722-B81D-45C9-9A13-755B2CE2A845}.Release|x64.Build.0 = Release|x64
		{DA59B425-2BE9-4B86-926C-555F43F7ECE6}.Debug|Any CPU.ActiveCfg = Debug|Any CPU
		{DA59B425-2BE9-4B86-926C-555F43F7ECE6}.Debug|Any CPU.Build.0 = Debug|Any CPU
		{DA59B425-2BE9-4B86-926C-555F43F7ECE6}.Debug|x64.ActiveCfg = Debug|x64
		{DA59B425-2BE9-4B86-926C-555F43F7ECE6}.Debug|x64.Build.0 = Debug|x64
		{DA59B425-2BE9-4B86-926C-555F43F7ECE6}.GPU|Any CPU.ActiveCfg = Debug|Any CPU
		{DA59B425-2BE9-4B86-926C-555F43F7ECE6}.GPU|Any CPU.Build.0 = Debug|Any CPU
		{DA59B425-2BE9-4B86-926C-555F43F7ECE6}.GPU|x64.ActiveCfg = Debug|x64
		{DA59B425-2BE9-4B86-926C-555F43F7ECE6}.GPU|x64.Build.0 = Debug|x64
		{DA59B425-2BE9-4B86-926C-555F43F7ECE6}.Release|Any CPU.ActiveCfg = Release|Any CPU
		{DA59B425-2BE9-4B86-926C-555F43F7ECE6}.Release|Any CPU.Build.0 = Release|Any CPU
		{DA59B425-2BE9-4B86-926C-555F43F7ECE6}.Release|x64.ActiveCfg = Release|x64
		{DA59B425-2BE9-4B86-926C-555F43F7ECE6}.Release|x64.Build.0 = Release|x64
	EndGlobalSection
	GlobalSection(SolutionProperties) = preSolution
		HideSolutionNode = FALSE
	EndGlobalSection
	GlobalSection(ExtensibilityGlobals) = postSolution
		SolutionGuid = {F7276C27-8715-449E-A0AC-9C59680C0FA3}
	EndGlobalSection
EndGlobal
